// !$*UTF8*$!
{
	archiveVersion = 1;
	classes = {
	};
	objectVersion = 55;
	objects = {

/* Begin PBXBuildFile section */
		161605CB27CF473800E589D2 /* AppDelegate.swift in Sources */ = {isa = PBXBuildFile; fileRef = 161605CA27CF473800E589D2 /* AppDelegate.swift */; };
		161605CD27CF473800E589D2 /* SceneDelegate.swift in Sources */ = {isa = PBXBuildFile; fileRef = 161605CC27CF473800E589D2 /* SceneDelegate.swift */; };
		161605CF27CF473800E589D2 /* MainTabBarViewController.swift in Sources */ = {isa = PBXBuildFile; fileRef = 161605CE27CF473800E589D2 /* MainTabBarViewController.swift */; };
		161605D427CF473C00E589D2 /* Assets.xcassets in Resources */ = {isa = PBXBuildFile; fileRef = 161605D327CF473C00E589D2 /* Assets.xcassets */; };
		161605D727CF473C00E589D2 /* LaunchScreen.storyboard in Resources */ = {isa = PBXBuildFile; fileRef = 161605D527CF473C00E589D2 /* LaunchScreen.storyboard */; };
		161605E027CF4E0E00E589D2 /* HomeViewController.swift in Sources */ = {isa = PBXBuildFile; fileRef = 161605DF27CF4E0E00E589D2 /* HomeViewController.swift */; };
		161605E227CF4E5900E589D2 /* UpcomingViewController.swift in Sources */ = {isa = PBXBuildFile; fileRef = 161605E127CF4E5900E589D2 /* UpcomingViewController.swift */; };
		161605E427CF4E8200E589D2 /* SearchViewController.swift in Sources */ = {isa = PBXBuildFile; fileRef = 161605E327CF4E8200E589D2 /* SearchViewController.swift */; };
		161605E627CF4ED700E589D2 /* DownloadsViewController.swift in Sources */ = {isa = PBXBuildFile; fileRef = 161605E527CF4ED700E589D2 /* DownloadsViewController.swift */; };
		161605ED27CF6C6700E589D2 /* CollentionViewTableViewCell.swift in Sources */ = {isa = PBXBuildFile; fileRef = 161605EC27CF6C6700E589D2 /* CollentionViewTableViewCell.swift */; };
		161605EF27CF76A700E589D2 /* HeroHeaderUIView.swift in Sources */ = {isa = PBXBuildFile; fileRef = 161605EE27CF76A700E589D2 /* HeroHeaderUIView.swift */; };
		1644D9B027D0A51C001A106F /* APICaller.swift in Sources */ = {isa = PBXBuildFile; fileRef = 1644D9AF27D0A51C001A106F /* APICaller.swift */; };
		1644D9B227D0B5FB001A106F /* Title.swift in Sources */ = {isa = PBXBuildFile; fileRef = 1644D9B127D0B5FB001A106F /* Title.swift */; };
		1644D9B427D0BDF1001A106F /* Extensions.swift in Sources */ = {isa = PBXBuildFile; fileRef = 1644D9B327D0BDF1001A106F /* Extensions.swift */; };
		1644D9B827D0FF99001A106F /* TitleCollectionViewCell.swift in Sources */ = {isa = PBXBuildFile; fileRef = 1644D9B727D0FF99001A106F /* TitleCollectionViewCell.swift */; };
		1644D9BB27D1022C001A106F /* SDWebImage in Frameworks */ = {isa = PBXBuildFile; productRef = 1644D9BA27D1022C001A106F /* SDWebImage */; };
		1644D9BD27D1022C001A106F /* SDWebImageMapKit in Frameworks */ = {isa = PBXBuildFile; productRef = 1644D9BC27D1022C001A106F /* SDWebImageMapKit */; };
		1674A14A27D5E46000487FE5 /* TitlePreviewViewModel.swift in Sources */ = {isa = PBXBuildFile; fileRef = 1674A14927D5E46000487FE5 /* TitlePreviewViewModel.swift */; };
		1674A17027D646D700487FE5 /* NetflixCloneModel.xcdatamodeld in Sources */ = {isa = PBXBuildFile; fileRef = 1674A16E27D646D700487FE5 /* NetflixCloneModel.xcdatamodeld */; };
		1679594E27D350A0004A017C /* YoutubeSearchResponse.swift in Sources */ = {isa = PBXBuildFile; fileRef = 1679594D27D3509F004A017C /* YoutubeSearchResponse.swift */; };
		1679595027D355F1004A017C /* TitlePreviewViewController.swift in Sources */ = {isa = PBXBuildFile; fileRef = 1679594F27D355F1004A017C /* TitlePreviewViewController.swift */; };
		16DAB88E27D1EEA20024BA15 /* TitleTableViewCell.swift in Sources */ = {isa = PBXBuildFile; fileRef = 16DAB88D27D1EEA20024BA15 /* TitleTableViewCell.swift */; };
		16DAB89027D1F4560024BA15 /* TitleViewModel.swift in Sources */ = {isa = PBXBuildFile; fileRef = 16DAB88F27D1F4560024BA15 /* TitleViewModel.swift */; };
		16DAB89227D206D70024BA15 /* SearchResultsViewController.swift in Sources */ = {isa = PBXBuildFile; fileRef = 16DAB89127D206D70024BA15 /* SearchResultsViewController.swift */; };
		16E68BCB27D73FBE00E3366C /* DataPersistenceManager.swift in Sources */ = {isa = PBXBuildFile; fileRef = 16E68BCA27D73FBE00E3366C /* DataPersistenceManager.swift */; };
/* End PBXBuildFile section */

/* Begin PBXFileReference section */
		161605C727CF473800E589D2 /* Netflix Clone.app */ = {isa = PBXFileReference; explicitFileType = wrapper.application; includeInIndex = 0; path = "Netflix Clone.app"; sourceTree = BUILT_PRODUCTS_DIR; };
		161605CA27CF473800E589D2 /* AppDelegate.swift */ = {isa = PBXFileReference; lastKnownFileType = sourcecode.swift; path = AppDelegate.swift; sourceTree = "<group>"; };
		161605CC27CF473800E589D2 /* SceneDelegate.swift */ = {isa = PBXFileReference; lastKnownFileType = sourcecode.swift; path = SceneDelegate.swift; sourceTree = "<group>"; };
		161605CE27CF473800E589D2 /* MainTabBarViewController.swift */ = {isa = PBXFileReference; lastKnownFileType = sourcecode.swift; path = MainTabBarViewController.swift; sourceTree = "<group>"; };
		161605D327CF473C00E589D2 /* Assets.xcassets */ = {isa = PBXFileReference; lastKnownFileType = folder.assetcatalog; path = Assets.xcassets; sourceTree = "<group>"; };
		161605D627CF473C00E589D2 /* Base */ = {isa = PBXFileReference; lastKnownFileType = file.storyboard; name = Base; path = Base.lproj/LaunchScreen.storyboard; sourceTree = "<group>"; };
		161605D827CF473C00E589D2 /* Info.plist */ = {isa = PBXFileReference; lastKnownFileType = text.plist.xml; path = Info.plist; sourceTree = "<group>"; };
		161605DF27CF4E0E00E589D2 /* HomeViewController.swift */ = {isa = PBXFileReference; lastKnownFileType = sourcecode.swift; path = HomeViewController.swift; sourceTree = "<group>"; };
		161605E127CF4E5900E589D2 /* UpcomingViewController.swift */ = {isa = PBXFileReference; lastKnownFileType = sourcecode.swift; path = UpcomingViewController.swift; sourceTree = "<group>"; };
		161605E327CF4E8200E589D2 /* SearchViewController.swift */ = {isa = PBXFileReference; lastKnownFileType = sourcecode.swift; path = SearchViewController.swift; sourceTree = "<group>"; };
		161605E527CF4ED700E589D2 /* DownloadsViewController.swift */ = {isa = PBXFileReference; lastKnownFileType = sourcecode.swift; path = DownloadsViewController.swift; sourceTree = "<group>"; };
		161605EC27CF6C6700E589D2 /* CollentionViewTableViewCell.swift */ = {isa = PBXFileReference; lastKnownFileType = sourcecode.swift; path = CollentionViewTableViewCell.swift; sourceTree = "<group>"; };
		161605EE27CF76A700E589D2 /* HeroHeaderUIView.swift */ = {isa = PBXFileReference; lastKnownFileType = sourcecode.swift; path = HeroHeaderUIView.swift; sourceTree = "<group>"; };
		1644D9AF27D0A51C001A106F /* APICaller.swift */ = {isa = PBXFileReference; lastKnownFileType = sourcecode.swift; path = APICaller.swift; sourceTree = "<group>"; };
		1644D9B127D0B5FB001A106F /* Title.swift */ = {isa = PBXFileReference; lastKnownFileType = sourcecode.swift; path = Title.swift; sourceTree = "<group>"; };
		1644D9B327D0BDF1001A106F /* Extensions.swift */ = {isa = PBXFileReference; lastKnownFileType = sourcecode.swift; path = Extensions.swift; sourceTree = "<group>"; };
		1644D9B727D0FF99001A106F /* TitleCollectionViewCell.swift */ = {isa = PBXFileReference; lastKnownFileType = sourcecode.swift; path = TitleCollectionViewCell.swift; sourceTree = "<group>"; };
		1674A14927D5E46000487FE5 /* TitlePreviewViewModel.swift */ = {isa = PBXFileReference; lastKnownFileType = sourcecode.swift; path = TitlePreviewViewModel.swift; sourceTree = "<group>"; };
		1674A16F27D646D700487FE5 /* NetflixCloneModel.xcdatamodel */ = {isa = PBXFileReference; lastKnownFileType = wrapper.xcdatamodel; path = NetflixCloneModel.xcdatamodel; sourceTree = "<group>"; };
		1679594D27D3509F004A017C /* YoutubeSearchResponse.swift */ = {isa = PBXFileReference; lastKnownFileType = sourcecode.swift; path = YoutubeSearchResponse.swift; sourceTree = "<group>"; };
		1679594F27D355F1004A017C /* TitlePreviewViewController.swift */ = {isa = PBXFileReference; lastKnownFileType = sourcecode.swift; path = TitlePreviewViewController.swift; sourceTree = "<group>"; };
		16DAB88D27D1EEA20024BA15 /* TitleTableViewCell.swift */ = {isa = PBXFileReference; lastKnownFileType = sourcecode.swift; path = TitleTableViewCell.swift; sourceTree = "<group>"; };
		16DAB88F27D1F4560024BA15 /* TitleViewModel.swift */ = {isa = PBXFileReference; lastKnownFileType = sourcecode.swift; path = TitleViewModel.swift; sourceTree = "<group>"; };
		16DAB89127D206D70024BA15 /* SearchResultsViewController.swift */ = {isa = PBXFileReference; lastKnownFileType = sourcecode.swift; path = SearchResultsViewController.swift; sourceTree = "<group>"; };
		16E68BCA27D73FBE00E3366C /* DataPersistenceManager.swift */ = {isa = PBXFileReference; lastKnownFileType = sourcecode.swift; path = DataPersistenceManager.swift; sourceTree = "<group>"; };
/* End PBXFileReference section */

/* Begin PBXFrameworksBuildPhase section */
		161605C427CF473800E589D2 /* Frameworks */ = {
			isa = PBXFrameworksBuildPhase;
			buildActionMask = 2147483647;
			files = (
				1644D9BD27D1022C001A106F /* SDWebImageMapKit in Frameworks */,
				1644D9BB27D1022C001A106F /* SDWebImage in Frameworks */,
			);
			runOnlyForDeploymentPostprocessing = 0;
		};
/* End PBXFrameworksBuildPhase section */

/* Begin PBXGroup section */
		161605BE27CF473800E589D2 = {
			isa = PBXGroup;
			children = (
				161605C927CF473800E589D2 /* Netflix Clone */,
				161605C827CF473800E589D2 /* Products */,
			);
			sourceTree = "<group>";
		};
		161605C827CF473800E589D2 /* Products */ = {
			isa = PBXGroup;
			children = (
				161605C727CF473800E589D2 /* Netflix Clone.app */,
			);
			name = Products;
			sourceTree = "<group>";
		};
		161605C927CF473800E589D2 /* Netflix Clone */ = {
			isa = PBXGroup;
			children = (
				161605EB27CF6BC100E589D2 /* Managers */,
				161605EA27CF6BA800E589D2 /* Resources */,
				161605E927CF6B6800E589D2 /* Models */,
				161605E727CF6B3100E589D2 /* Views */,
				161605E827CF6B4200E589D2 /* ViewModels */,
				161605D327CF473C00E589D2 /* Assets.xcassets */,
				161605D527CF473C00E589D2 /* LaunchScreen.storyboard */,
				161605D827CF473C00E589D2 /* Info.plist */,
				1674A16E27D646D700487FE5 /* NetflixCloneModel.xcdatamodeld */,
			);
			path = "Netflix Clone";
			sourceTree = "<group>";
		};
		161605DE27CF4DB700E589D2 /* Controllers */ = {
			isa = PBXGroup;
			children = (
				16DAB89427D206EB0024BA15 /* General */,
				16DAB89327D206DB0024BA15 /* Core */,
			);
			path = Controllers;
			sourceTree = "<group>";
		};
		161605E727CF6B3100E589D2 /* Views */ = {
			isa = PBXGroup;
			children = (
				161605EC27CF6C6700E589D2 /* CollentionViewTableViewCell.swift */,
				161605DE27CF4DB700E589D2 /* Controllers */,
				161605EE27CF76A700E589D2 /* HeroHeaderUIView.swift */,
				1644D9B727D0FF99001A106F /* TitleCollectionViewCell.swift */,
				16DAB88D27D1EEA20024BA15 /* TitleTableViewCell.swift */,
			);
			path = Views;
			sourceTree = "<group>";
		};
		161605E827CF6B4200E589D2 /* ViewModels */ = {
			isa = PBXGroup;
			children = (
				16DAB88F27D1F4560024BA15 /* TitleViewModel.swift */,
				1674A14927D5E46000487FE5 /* TitlePreviewViewModel.swift */,
			);
			path = ViewModels;
			sourceTree = "<group>";
		};
		161605E927CF6B6800E589D2 /* Models */ = {
			isa = PBXGroup;
			children = (
				1644D9B127D0B5FB001A106F /* Title.swift */,
				1679594D27D3509F004A017C /* YoutubeSearchResponse.swift */,
			);
			path = Models;
			sourceTree = "<group>";
		};
		161605EA27CF6BA800E589D2 /* Resources */ = {
			isa = PBXGroup;
			children = (
				1644D9B327D0BDF1001A106F /* Extensions.swift */,
				161605CA27CF473800E589D2 /* AppDelegate.swift */,
				161605CC27CF473800E589D2 /* SceneDelegate.swift */,
			);
			path = Resources;
			sourceTree = "<group>";
		};
		161605EB27CF6BC100E589D2 /* Managers */ = {
			isa = PBXGroup;
			children = (
				1644D9AF27D0A51C001A106F /* APICaller.swift */,
				16E68BCA27D73FBE00E3366C /* DataPersistenceManager.swift */,
			);
			path = Managers;
			sourceTree = "<group>";
		};
		16DAB89327D206DB0024BA15 /* Core */ = {
			isa = PBXGroup;
			children = (
				161605DF27CF4E0E00E589D2 /* HomeViewController.swift */,
				161605E127CF4E5900E589D2 /* UpcomingViewController.swift */,
				161605E327CF4E8200E589D2 /* SearchViewController.swift */,
				161605E527CF4ED700E589D2 /* DownloadsViewController.swift */,
				161605CE27CF473800E589D2 /* MainTabBarViewController.swift */,
			);
			path = Core;
			sourceTree = "<group>";
		};
		16DAB89427D206EB0024BA15 /* General */ = {
			isa = PBXGroup;
			children = (
				16DAB89127D206D70024BA15 /* SearchResultsViewController.swift */,
				1679594F27D355F1004A017C /* TitlePreviewViewController.swift */,
			);
			path = General;
			sourceTree = "<group>";
		};
/* End PBXGroup section */

/* Begin PBXNativeTarget section */
		161605C627CF473800E589D2 /* Netflix Clone */ = {
			isa = PBXNativeTarget;
			buildConfigurationList = 161605DB27CF473C00E589D2 /* Build configuration list for PBXNativeTarget "Netflix Clone" */;
			buildPhases = (
				161605C327CF473800E589D2 /* Sources */,
				161605C427CF473800E589D2 /* Frameworks */,
				161605C527CF473800E589D2 /* Resources */,
			);
			buildRules = (
			);
			dependencies = (
			);
			name = "Netflix Clone";
			packageProductDependencies = (
				1644D9BA27D1022C001A106F /* SDWebImage */,
				1644D9BC27D1022C001A106F /* SDWebImageMapKit */,
			);
			productName = "Netflix Clone";
			productReference = 161605C727CF473800E589D2 /* Netflix Clone.app */;
			productType = "com.apple.product-type.application";
		};
/* End PBXNativeTarget section */

/* Begin PBXProject section */
		161605BF27CF473800E589D2 /* Project object */ = {
			isa = PBXProject;
			attributes = {
				BuildIndependentTargetsInParallel = 1;
				LastSwiftUpdateCheck = 1320;
				LastUpgradeCheck = 1320;
				TargetAttributes = {
					161605C627CF473800E589D2 = {
						CreatedOnToolsVersion = 13.2.1;
					};
				};
			};
			buildConfigurationList = 161605C227CF473800E589D2 /* Build configuration list for PBXProject "Netflix Clone" */;
			compatibilityVersion = "Xcode 13.0";
			developmentRegion = en;
			hasScannedForEncodings = 0;
			knownRegions = (
				en,
				Base,
			);
			mainGroup = 161605BE27CF473800E589D2;
			packageReferences = (
				1644D9B927D1022C001A106F /* XCRemoteSwiftPackageReference "SDWebImage" */,
			);
			productRefGroup = 161605C827CF473800E589D2 /* Products */;
			projectDirPath = "";
			projectRoot = "";
			targets = (
				161605C627CF473800E589D2 /* Netflix Clone */,
			);
		};
/* End PBXProject section */

/* Begin PBXResourcesBuildPhase section */
		161605C527CF473800E589D2 /* Resources */ = {
			isa = PBXResourcesBuildPhase;
			buildActionMask = 2147483647;
			files = (
				161605D727CF473C00E589D2 /* LaunchScreen.storyboard in Resources */,
				161605D427CF473C00E589D2 /* Assets.xcassets in Resources */,
			);
			runOnlyForDeploymentPostprocessing = 0;
		};
/* End PBXResourcesBuildPhase section */

/* Begin PBXSourcesBuildPhase section */
		161605C327CF473800E589D2 /* Sources */ = {
			isa = PBXSourcesBuildPhase;
			buildActionMask = 2147483647;
			files = (
				16DAB88E27D1EEA20024BA15 /* TitleTableViewCell.swift in Sources */,
				161605E427CF4E8200E589D2 /* SearchViewController.swift in Sources */,
				1644D9B827D0FF99001A106F /* TitleCollectionViewCell.swift in Sources */,
				16E68BCB27D73FBE00E3366C /* DataPersistenceManager.swift in Sources */,
				161605CF27CF473800E589D2 /* MainTabBarViewController.swift in Sources */,
				161605E627CF4ED700E589D2 /* DownloadsViewController.swift in Sources */,
				1644D9B027D0A51C001A106F /* APICaller.swift in Sources */,
				1674A17027D646D700487FE5 /* NetflixCloneModel.xcdatamodeld in Sources */,
				161605EF27CF76A700E589D2 /* HeroHeaderUIView.swift in Sources */,
				161605ED27CF6C6700E589D2 /* CollentionViewTableViewCell.swift in Sources */,
				161605CB27CF473800E589D2 /* AppDelegate.swift in Sources */,
				16DAB89227D206D70024BA15 /* SearchResultsViewController.swift in Sources */,
				1644D9B427D0BDF1001A106F /* Extensions.swift in Sources */,
				1679594E27D350A0004A017C /* YoutubeSearchResponse.swift in Sources */,
				161605CD27CF473800E589D2 /* SceneDelegate.swift in Sources */,
				1674A14A27D5E46000487FE5 /* TitlePreviewViewModel.swift in Sources */,
				161605E227CF4E5900E589D2 /* UpcomingViewController.swift in Sources */,
				1679595027D355F1004A017C /* TitlePreviewViewController.swift in Sources */,
				1644D9B227D0B5FB001A106F /* Title.swift in Sources */,
				161605E027CF4E0E00E589D2 /* HomeViewController.swift in Sources */,
				16DAB89027D1F4560024BA15 /* TitleViewModel.swift in Sources */,
			);
			runOnlyForDeploymentPostprocessing = 0;
		};
/* End PBXSourcesBuildPhase section */

/* Begin PBXVariantGroup section */
		161605D527CF473C00E589D2 /* LaunchScreen.storyboard */ = {
			isa = PBXVariantGroup;
			children = (
				161605D627CF473C00E589D2 /* Base */,
			);
			name = LaunchScreen.storyboard;
			sourceTree = "<group>";
		};
/* End PBXVariantGroup section */

/* Begin XCBuildConfiguration section */
		161605D927CF473C00E589D2 /* Debug */ = {
			isa = XCBuildConfiguration;
			buildSettings = {
				ALWAYS_SEARCH_USER_PATHS = NO;
				CLANG_ANALYZER_NONNULL = YES;
				CLANG_ANALYZER_NUMBER_OBJECT_CONVERSION = YES_AGGRESSIVE;
				CLANG_CXX_LANGUAGE_STANDARD = "gnu++17";
				CLANG_CXX_LIBRARY = "libc++";
				CLANG_ENABLE_MODULES = YES;
				CLANG_ENABLE_OBJC_ARC = YES;
				CLANG_ENABLE_OBJC_WEAK = YES;
				CLANG_WARN_BLOCK_CAPTURE_AUTORELEASING = YES;
				CLANG_WARN_BOOL_CONVERSION = YES;
				CLANG_WARN_COMMA = YES;
				CLANG_WARN_CONSTANT_CONVERSION = YES;
				CLANG_WARN_DEPRECATED_OBJC_IMPLEMENTATIONS = YES;
				CLANG_WARN_DIRECT_OBJC_ISA_USAGE = YES_ERROR;
				CLANG_WARN_DOCUMENTATION_COMMENTS = YES;
				CLANG_WARN_EMPTY_BODY = YES;
				CLANG_WARN_ENUM_CONVERSION = YES;
				CLANG_WARN_INFINITE_RECURSION = YES;
				CLANG_WARN_INT_CONVERSION = YES;
				CLANG_WARN_NON_LITERAL_NULL_CONVERSION = YES;
				CLANG_WARN_OBJC_IMPLICIT_RETAIN_SELF = YES;
				CLANG_WARN_OBJC_LITERAL_CONVERSION = YES;
				CLANG_WARN_OBJC_ROOT_CLASS = YES_ERROR;
				CLANG_WARN_QUOTED_INCLUDE_IN_FRAMEWORK_HEADER = YES;
				CLANG_WARN_RANGE_LOOP_ANALYSIS = YES;
				CLANG_WARN_STRICT_PROTOTYPES = YES;
				CLANG_WARN_SUSPICIOUS_MOVE = YES;
				CLANG_WARN_UNGUARDED_AVAILABILITY = YES_AGGRESSIVE;
				CLANG_WARN_UNREACHABLE_CODE = YES;
				CLANG_WARN__DUPLICATE_METHOD_MATCH = YES;
				COPY_PHASE_STRIP = NO;
				DEBUG_INFORMATION_FORMAT = dwarf;
				ENABLE_STRICT_OBJC_MSGSEND = YES;
				ENABLE_TESTABILITY = YES;
				GCC_C_LANGUAGE_STANDARD = gnu11;
				GCC_DYNAMIC_NO_PIC = NO;
				GCC_NO_COMMON_BLOCKS = YES;
				GCC_OPTIMIZATION_LEVEL = 0;
				GCC_PREPROCESSOR_DEFINITIONS = (
					"DEBUG=1",
					"$(inherited)",
				);
				GCC_WARN_64_TO_32_BIT_CONVERSION = YES;
				GCC_WARN_ABOUT_RETURN_TYPE = YES_ERROR;
				GCC_WARN_UNDECLARED_SELECTOR = YES;
				GCC_WARN_UNINITIALIZED_AUTOS = YES_AGGRESSIVE;
				GCC_WARN_UNUSED_FUNCTION = YES;
				GCC_WARN_UNUSED_VARIABLE = YES;
				IPHONEOS_DEPLOYMENT_TARGET = 15.2;
				MTL_ENABLE_DEBUG_INFO = INCLUDE_SOURCE;
				MTL_FAST_MATH = YES;
				ONLY_ACTIVE_ARCH = YES;
				SDKROOT = iphoneos;
				SWIFT_ACTIVE_COMPILATION_CONDITIONS = DEBUG;
				SWIFT_OPTIMIZATION_LEVEL = "-Onone";
			};
			name = Debug;
		};
		161605DA27CF473C00E589D2 /* Release */ = {
			isa = XCBuildConfiguration;
			buildSettings = {
				ALWAYS_SEARCH_USER_PATHS = NO;
				CLANG_ANALYZER_NONNULL = YES;
				CLANG_ANALYZER_NUMBER_OBJECT_CONVERSION = YES_AGGRESSIVE;
				CLANG_CXX_LANGUAGE_STANDARD = "gnu++17";
				CLANG_CXX_LIBRARY = "libc++";
				CLANG_ENABLE_MODULES = YES;
				CLANG_ENABLE_OBJC_ARC = YES;
				CLANG_ENABLE_OBJC_WEAK = YES;
				CLANG_WARN_BLOCK_CAPTURE_AUTORELEASING = YES;
				CLANG_WARN_BOOL_CONVERSION = YES;
				CLANG_WARN_COMMA = YES;
				CLANG_WARN_CONSTANT_CONVERSION = YES;
				CLANG_WARN_DEPRECATED_OBJC_IMPLEMENTATIONS = YES;
				CLANG_WARN_DIRECT_OBJC_ISA_USAGE = YES_ERROR;
				CLANG_WARN_DOCUMENTATION_COMMENTS = YES;
				CLANG_WARN_EMPTY_BODY = YES;
				CLANG_WARN_ENUM_CONVERSION = YES;
				CLANG_WARN_INFINITE_RECURSION = YES;
				CLANG_WARN_INT_CONVERSION = YES;
				CLANG_WARN_NON_LITERAL_NULL_CONVERSION = YES;
				CLANG_WARN_OBJC_IMPLICIT_RETAIN_SELF = YES;
				CLANG_WARN_OBJC_LITERAL_CONVERSION = YES;
				CLANG_WARN_OBJC_ROOT_CLASS = YES_ERROR;
				CLANG_WARN_QUOTED_INCLUDE_IN_FRAMEWORK_HEADER = YES;
				CLANG_WARN_RANGE_LOOP_ANALYSIS = YES;
				CLANG_WARN_STRICT_PROTOTYPES = YES;
				CLANG_WARN_SUSPICIOUS_MOVE = YES;
				CLANG_WARN_UNGUARDED_AVAILABILITY = YES_AGGRESSIVE;
				CLANG_WARN_UNREACHABLE_CODE = YES;
				CLANG_WARN__DUPLICATE_METHOD_MATCH = YES;
				COPY_PHASE_STRIP = NO;
				DEBUG_INFORMATION_FORMAT = "dwarf-with-dsym";
				ENABLE_NS_ASSERTIONS = NO;
				ENABLE_STRICT_OBJC_MSGSEND = YES;
				GCC_C_LANGUAGE_STANDARD = gnu11;
				GCC_NO_COMMON_BLOCKS = YES;
				GCC_WARN_64_TO_32_BIT_CONVERSION = YES;
				GCC_WARN_ABOUT_RETURN_TYPE = YES_ERROR;
				GCC_WARN_UNDECLARED_SELECTOR = YES;
				GCC_WARN_UNINITIALIZED_AUTOS = YES_AGGRESSIVE;
				GCC_WARN_UNUSED_FUNCTION = YES;
				GCC_WARN_UNUSED_VARIABLE = YES;
				IPHONEOS_DEPLOYMENT_TARGET = 15.2;
				MTL_ENABLE_DEBUG_INFO = NO;
				MTL_FAST_MATH = YES;
				SDKROOT = iphoneos;
				SWIFT_COMPILATION_MODE = wholemodule;
				SWIFT_OPTIMIZATION_LEVEL = "-O";
				VALIDATE_PRODUCT = YES;
			};
			name = Release;
		};
		161605DC27CF473C00E589D2 /* Debug */ = {
			isa = XCBuildConfiguration;
			buildSettings = {
				ASSETCATALOG_COMPILER_APPICON_NAME = AppIcon;
				ASSETCATALOG_COMPILER_GLOBAL_ACCENT_COLOR_NAME = AccentColor;
				CODE_SIGN_STYLE = Automatic;
				CURRENT_PROJECT_VERSION = 1;
				DEVELOPMENT_TEAM = 3Q4HTPPHRL;
				GENERATE_INFOPLIST_FILE = YES;
				INFOPLIST_FILE = "Netflix Clone/Info.plist";
				INFOPLIST_KEY_UIApplicationSupportsIndirectInputEvents = YES;
				INFOPLIST_KEY_UILaunchStoryboardName = LaunchScreen;
				INFOPLIST_KEY_UISupportedInterfaceOrientations_iPad = "UIInterfaceOrientationPortrait UIInterfaceOrientationPortraitUpsideDown UIInterfaceOrientationLandscapeLeft UIInterfaceOrientationLandscapeRight";
				INFOPLIST_KEY_UISupportedInterfaceOrientations_iPhone = "UIInterfaceOrientationPortrait UIInterfaceOrientationLandscapeLeft UIInterfaceOrientationLandscapeRight";
				LD_RUNPATH_SEARCH_PATHS = (
					"$(inherited)",
					"@executable_path/Frameworks",
				);
				MARKETING_VERSION = 1.0;
				PRODUCT_BUNDLE_IDENTIFIER = "Swift.Netflix-Clone";
				PRODUCT_NAME = "$(TARGET_NAME)";
				SWIFT_EMIT_LOC_STRINGS = YES;
				SWIFT_VERSION = 5.0;
				TARGETED_DEVICE_FAMILY = "1,2";
			};
			name = Debug;
		};
		161605DD27CF473C00E589D2 /* Release */ = {
			isa = XCBuildConfiguration;
			buildSettings = {
				ASSETCATALOG_COMPILER_APPICON_NAME = AppIcon;
				ASSETCATALOG_COMPILER_GLOBAL_ACCENT_COLOR_NAME = AccentColor;
				CODE_SIGN_STYLE = Automatic;
				CURRENT_PROJECT_VERSION = 1;
				DEVELOPMENT_TEAM = 3Q4HTPPHRL;
				GENERATE_INFOPLIST_FILE = YES;
				INFOPLIST_FILE = "Netflix Clone/Info.plist";
				INFOPLIST_KEY_UIApplicationSupportsIndirectInputEvents = YES;
				INFOPLIST_KEY_UILaunchStoryboardName = LaunchScreen;
				INFOPLIST_KEY_UISupportedInterfaceOrientations_iPad = "UIInterfaceOrientationPortrait UIInterfaceOrientationPortraitUpsideDown UIInterfaceOrientationLandscapeLeft UIInterfaceOrientationLandscapeRight";
				INFOPLIST_KEY_UISupportedInterfaceOrientations_iPhone = "UIInterfaceOrientationPortrait UIInterfaceOrientationLandscapeLeft UIInterfaceOrientationLandscapeRight";
				LD_RUNPATH_SEARCH_PATHS = (
					"$(inherited)",
					"@executable_path/Frameworks",
				);
				MARKETING_VERSION = 1.0;
				PRODUCT_BUNDLE_IDENTIFIER = "Swift.Netflix-Clone";
				PRODUCT_NAME = "$(TARGET_NAME)";
				SWIFT_EMIT_LOC_STRINGS = YES;
				SWIFT_VERSION = 5.0;
				TARGETED_DEVICE_FAMILY = "1,2";
			};
			name = Release;
		};
/* End XCBuildConfiguration section */

/* Begin XCConfigurationList section */
		161605C227CF473800E589D2 /* Build configuration list for PBXProject "Netflix Clone" */ = {
			isa = XCConfigurationList;
			buildConfigurations = (
				161605D927CF473C00E589D2 /* Debug */,
				161605DA27CF473C00E589D2 /* Release */,
			);
			defaultConfigurationIsVisible = 0;
			defaultConfigurationName = Release;
		};
		161605DB27CF473C00E589D2 /* Build configuration list for PBXNativeTarget "Netflix Clone" */ = {
			isa = XCConfigurationList;
			buildConfigurations = (
				161605DC27CF473C00E589D2 /* Debug */,
				161605DD27CF473C00E589D2 /* Release */,
			);
			defaultConfigurationIsVisible = 0;
			defaultConfigurationName = Release;
		};
/* End XCConfigurationList section */

/* Begin XCRemoteSwiftPackageReference section */
		1644D9B927D1022C001A106F /* XCRemoteSwiftPackageReference "SDWebImage" */ = {
			isa = XCRemoteSwiftPackageReference;
			repositoryURL = "https://github.com/SDWebImage/SDWebImage.git";
			requirement = {
				branch = master;
				kind = branch;
			};
		};
/* End XCRemoteSwiftPackageReference section */

/* Begin XCSwiftPackageProductDependency section */
		1644D9BA27D1022C001A106F /* SDWebImage */ = {
			isa = XCSwiftPackageProductDependency;
			package = 1644D9B927D1022C001A106F /* XCRemoteSwiftPackageReference "SDWebImage" */;
			productName = SDWebImage;
		};
		1644D9BC27D1022C001A106F /* SDWebImageMapKit */ = {
			isa = XCSwiftPackageProductDependency;
			package = 1644D9B927D1022C001A106F /* XCRemoteSwiftPackageReference "SDWebImage" */;
			productName = SDWebImageMapKit;
		};
/* End XCSwiftPackageProductDependency section */

/* Begin XCVersionGroup section */
		1674A16E27D646D700487FE5 /* NetflixCloneModel.xcdatamodeld */ = {
			isa = XCVersionGroup;
			children = (
				1674A16F27D646D700487FE5 /* NetflixCloneModel.xcdatamodel */,
			);
			currentVersion = 1674A16F27D646D700487FE5 /* NetflixCloneModel.xcdatamodel */;
			path = NetflixCloneModel.xcdatamodeld;
			sourceTree = "<group>";
			versionGroupType = wrapper.xcdatamodel;
		};
/* End XCVersionGroup section */
	};
	rootObject = 161605BF27CF473800E589D2 /* Project object */;
}
